// !$*UTF8*$!
{
	archiveVersion = 1;
	classes = {
	};
	objectVersion = 55;
	objects = {

/* Begin PBXBuildFile section */
		2441DB8EB37528C7122F431A /* Pods_FlixTests.framework in Frameworks */ = {isa = PBXBuildFile; fileRef = 449F2EE8FD14908CE08256E0 /* Pods_FlixTests.framework */; };
		4F57F08A27B41F2200DFB0CE /* MovieDetailsViewController.swift in Sources */ = {isa = PBXBuildFile; fileRef = 4F57F08927B41F2200DFB0CE /* MovieDetailsViewController.swift */; };
		4F57F08E27B4571F00DFB0CE /* CollectionsViewController.swift in Sources */ = {isa = PBXBuildFile; fileRef = 4F57F08D27B4571F00DFB0CE /* CollectionsViewController.swift */; };
		4F57F09227B459E100DFB0CE /* CollectionCell.swift in Sources */ = {isa = PBXBuildFile; fileRef = 4F57F09127B459E100DFB0CE /* CollectionCell.swift */; };
		4F57F09A27B5BDD900DFB0CE /* CollectionDetailsViewController.swift in Sources */ = {isa = PBXBuildFile; fileRef = 4F57F09927B5BDD900DFB0CE /* CollectionDetailsViewController.swift */; };
		4F57F09E27B5C62A00DFB0CE /* MovieCollectionViewCell.swift in Sources */ = {isa = PBXBuildFile; fileRef = 4F57F09D27B5C62A00DFB0CE /* MovieCollectionViewCell.swift */; };
		4F89CA0F27B09C62001B3BE1 /* AppDelegate.swift in Sources */ = {isa = PBXBuildFile; fileRef = 4F89CA0E27B09C62001B3BE1 /* AppDelegate.swift */; };
		4F89CA1127B09C62001B3BE1 /* SceneDelegate.swift in Sources */ = {isa = PBXBuildFile; fileRef = 4F89CA1027B09C62001B3BE1 /* SceneDelegate.swift */; };
		4F89CA1327B09C62001B3BE1 /* ViewController.swift in Sources */ = {isa = PBXBuildFile; fileRef = 4F89CA1227B09C62001B3BE1 /* ViewController.swift */; };
		4F89CA1627B09C62001B3BE1 /* Main.storyboard in Resources */ = {isa = PBXBuildFile; fileRef = 4F89CA1427B09C62001B3BE1 /* Main.storyboard */; };
		4F89CA1827B09C63001B3BE1 /* Assets.xcassets in Resources */ = {isa = PBXBuildFile; fileRef = 4F89CA1727B09C63001B3BE1 /* Assets.xcassets */; };
		4F89CA1B27B09C63001B3BE1 /* LaunchScreen.storyboard in Resources */ = {isa = PBXBuildFile; fileRef = 4F89CA1927B09C63001B3BE1 /* LaunchScreen.storyboard */; };
		4F89CA2627B09C63001B3BE1 /* FlixTests.swift in Sources */ = {isa = PBXBuildFile; fileRef = 4F89CA2527B09C63001B3BE1 /* FlixTests.swift */; };
		4F89CA3027B09C63001B3BE1 /* FlixUITests.swift in Sources */ = {isa = PBXBuildFile; fileRef = 4F89CA2F27B09C63001B3BE1 /* FlixUITests.swift */; };
		4F89CA3227B09C63001B3BE1 /* FlixUITestsLaunchTests.swift in Sources */ = {isa = PBXBuildFile; fileRef = 4F89CA3127B09C63001B3BE1 /* FlixUITestsLaunchTests.swift */; };
		4F89CA3F27B09DAD001B3BE1 /* FlixCell.swift in Sources */ = {isa = PBXBuildFile; fileRef = 4F89CA3E27B09DAD001B3BE1 /* FlixCell.swift */; };
		4F89CA4227B0CE40001B3BE1 /* AlamofireImage in Frameworks */ = {isa = PBXBuildFile; productRef = 4F89CA4127B0CE40001B3BE1 /* AlamofireImage */; };
		7E090707C8F9BED0C5B05A86 /* Pods_Flix_FlixUITests.framework in Frameworks */ = {isa = PBXBuildFile; fileRef = 2962699D6387614D4ABC49E7 /* Pods_Flix_FlixUITests.framework */; };
		A7B02F5CC827A479E9A248D9 /* Pods_Flix.framework in Frameworks */ = {isa = PBXBuildFile; fileRef = B098EA3032DCA58618612ABB /* Pods_Flix.framework */; };
/* End PBXBuildFile section */

/* Begin PBXContainerItemProxy section */
		4F89CA2227B09C63001B3BE1 /* PBXContainerItemProxy */ = {
			isa = PBXContainerItemProxy;
			containerPortal = 4F89CA0327B09C62001B3BE1 /* Project object */;
			proxyType = 1;
			remoteGlobalIDString = 4F89CA0A27B09C62001B3BE1;
			remoteInfo = Flix;
		};
		4F89CA2C27B09C63001B3BE1 /* PBXContainerItemProxy */ = {
			isa = PBXContainerItemProxy;
			containerPortal = 4F89CA0327B09C62001B3BE1 /* Project object */;
			proxyType = 1;
			remoteGlobalIDString = 4F89CA0A27B09C62001B3BE1;
			remoteInfo = Flix;
		};
/* End PBXContainerItemProxy section */

/* Begin PBXFileReference section */
		2962699D6387614D4ABC49E7 /* Pods_Flix_FlixUITests.framework */ = {isa = PBXFileReference; explicitFileType = wrapper.framework; includeInIndex = 0; path = Pods_Flix_FlixUITests.framework; sourceTree = BUILT_PRODUCTS_DIR; };
		449F2EE8FD14908CE08256E0 /* Pods_FlixTests.framework */ = {isa = PBXFileReference; explicitFileType = wrapper.framework; includeInIndex = 0; path = Pods_FlixTests.framework; sourceTree = BUILT_PRODUCTS_DIR; };
		4F57F08927B41F2200DFB0CE /* MovieDetailsViewController.swift */ = {isa = PBXFileReference; lastKnownFileType = sourcecode.swift; path = MovieDetailsViewController.swift; sourceTree = "<group>"; };
		4F57F08D27B4571F00DFB0CE /* CollectionsViewController.swift */ = {isa = PBXFileReference; lastKnownFileType = sourcecode.swift; path = CollectionsViewController.swift; sourceTree = "<group>"; };
		4F57F09127B459E100DFB0CE /* CollectionCell.swift */ = {isa = PBXFileReference; lastKnownFileType = sourcecode.swift; path = CollectionCell.swift; sourceTree = "<group>"; };
		4F57F09927B5BDD900DFB0CE /* CollectionDetailsViewController.swift */ = {isa = PBXFileReference; lastKnownFileType = sourcecode.swift; path = CollectionDetailsViewController.swift; sourceTree = "<group>"; };
		4F57F09D27B5C62A00DFB0CE /* MovieCollectionViewCell.swift */ = {isa = PBXFileReference; lastKnownFileType = sourcecode.swift; path = MovieCollectionViewCell.swift; sourceTree = "<group>"; };
		4F89CA0B27B09C62001B3BE1 /* Flix.app */ = {isa = PBXFileReference; explicitFileType = wrapper.application; includeInIndex = 0; path = Flix.app; sourceTree = BUILT_PRODUCTS_DIR; };
		4F89CA0E27B09C62001B3BE1 /* AppDelegate.swift */ = {isa = PBXFileReference; lastKnownFileType = sourcecode.swift; path = AppDelegate.swift; sourceTree = "<group>"; };
		4F89CA1027B09C62001B3BE1 /* SceneDelegate.swift */ = {isa = PBXFileReference; lastKnownFileType = sourcecode.swift; path = SceneDelegate.swift; sourceTree = "<group>"; };
		4F89CA1227B09C62001B3BE1 /* ViewController.swift */ = {isa = PBXFileReference; lastKnownFileType = sourcecode.swift; path = ViewController.swift; sourceTree = "<group>"; };
		4F89CA1527B09C62001B3BE1 /* Base */ = {isa = PBXFileReference; lastKnownFileType = file.storyboard; name = Base; path = Base.lproj/Main.storyboard; sourceTree = "<group>"; };
		4F89CA1727B09C63001B3BE1 /* Assets.xcassets */ = {isa = PBXFileReference; lastKnownFileType = folder.assetcatalog; path = Assets.xcassets; sourceTree = "<group>"; };
		4F89CA1A27B09C63001B3BE1 /* Base */ = {isa = PBXFileReference; lastKnownFileType = file.storyboard; name = Base; path = Base.lproj/LaunchScreen.storyboard; sourceTree = "<group>"; };
		4F89CA1C27B09C63001B3BE1 /* Info.plist */ = {isa = PBXFileReference; lastKnownFileType = text.plist.xml; path = Info.plist; sourceTree = "<group>"; };
		4F89CA2127B09C63001B3BE1 /* FlixTests.xctest */ = {isa = PBXFileReference; explicitFileType = wrapper.cfbundle; includeInIndex = 0; path = FlixTests.xctest; sourceTree = BUILT_PRODUCTS_DIR; };
		4F89CA2527B09C63001B3BE1 /* FlixTests.swift */ = {isa = PBXFileReference; lastKnownFileType = sourcecode.swift; path = FlixTests.swift; sourceTree = "<group>"; };
		4F89CA2B27B09C63001B3BE1 /* FlixUITests.xctest */ = {isa = PBXFileReference; explicitFileType = wrapper.cfbundle; includeInIndex = 0; path = FlixUITests.xctest; sourceTree = BUILT_PRODUCTS_DIR; };
		4F89CA2F27B09C63001B3BE1 /* FlixUITests.swift */ = {isa = PBXFileReference; lastKnownFileType = sourcecode.swift; path = FlixUITests.swift; sourceTree = "<group>"; };
		4F89CA3127B09C63001B3BE1 /* FlixUITestsLaunchTests.swift */ = {isa = PBXFileReference; lastKnownFileType = sourcecode.swift; path = FlixUITestsLaunchTests.swift; sourceTree = "<group>"; };
		4F89CA3E27B09DAD001B3BE1 /* FlixCell.swift */ = {isa = PBXFileReference; lastKnownFileType = sourcecode.swift; path = FlixCell.swift; sourceTree = "<group>"; };
		6052DE50779296E601D5231F /* Pods-Flix.release.xcconfig */ = {isa = PBXFileReference; includeInIndex = 1; lastKnownFileType = text.xcconfig; name = "Pods-Flix.release.xcconfig"; path = "Target Support Files/Pods-Flix/Pods-Flix.release.xcconfig"; sourceTree = "<group>"; };
		75B74964CE91C104C9BE5C79 /* Pods-Flix.debug.xcconfig */ = {isa = PBXFileReference; includeInIndex = 1; lastKnownFileType = text.xcconfig; name = "Pods-Flix.debug.xcconfig"; path = "Target Support Files/Pods-Flix/Pods-Flix.debug.xcconfig"; sourceTree = "<group>"; };
		AAB21D206FAD817B7604B84A /* Pods-FlixTests.release.xcconfig */ = {isa = PBXFileReference; includeInIndex = 1; lastKnownFileType = text.xcconfig; name = "Pods-FlixTests.release.xcconfig"; path = "Target Support Files/Pods-FlixTests/Pods-FlixTests.release.xcconfig"; sourceTree = "<group>"; };
		AD6E9752BF04209679373A36 /* Pods-FlixTests.debug.xcconfig */ = {isa = PBXFileReference; includeInIndex = 1; lastKnownFileType = text.xcconfig; name = "Pods-FlixTests.debug.xcconfig"; path = "Target Support Files/Pods-FlixTests/Pods-FlixTests.debug.xcconfig"; sourceTree = "<group>"; };
		B098EA3032DCA58618612ABB /* Pods_Flix.framework */ = {isa = PBXFileReference; explicitFileType = wrapper.framework; includeInIndex = 0; path = Pods_Flix.framework; sourceTree = BUILT_PRODUCTS_DIR; };
		CCEC155E540E86DB7917A676 /* Pods-Flix-FlixUITests.debug.xcconfig */ = {isa = PBXFileReference; includeInIndex = 1; lastKnownFileType = text.xcconfig; name = "Pods-Flix-FlixUITests.debug.xcconfig"; path = "Target Support Files/Pods-Flix-FlixUITests/Pods-Flix-FlixUITests.debug.xcconfig"; sourceTree = "<group>"; };
		DD519930C32F8D9E2E82AAC1 /* Pods-Flix-FlixUITests.release.xcconfig */ = {isa = PBXFileReference; includeInIndex = 1; lastKnownFileType = text.xcconfig; name = "Pods-Flix-FlixUITests.release.xcconfig"; path = "Target Support Files/Pods-Flix-FlixUITests/Pods-Flix-FlixUITests.release.xcconfig"; sourceTree = "<group>"; };
/* End PBXFileReference section */

/* Begin PBXFrameworksBuildPhase section */
		4F89CA0827B09C62001B3BE1 /* Frameworks */ = {
			isa = PBXFrameworksBuildPhase;
			buildActionMask = 2147483647;
			files = (
				4F89CA4227B0CE40001B3BE1 /* AlamofireImage in Frameworks */,
				A7B02F5CC827A479E9A248D9 /* Pods_Flix.framework in Frameworks */,
			);
			runOnlyForDeploymentPostprocessing = 0;
		};
		4F89CA1E27B09C63001B3BE1 /* Frameworks */ = {
			isa = PBXFrameworksBuildPhase;
			buildActionMask = 2147483647;
			files = (
				2441DB8EB37528C7122F431A /* Pods_FlixTests.framework in Frameworks */,
			);
			runOnlyForDeploymentPostprocessing = 0;
		};
		4F89CA2827B09C63001B3BE1 /* Frameworks */ = {
			isa = PBXFrameworksBuildPhase;
			buildActionMask = 2147483647;
			files = (
				7E090707C8F9BED0C5B05A86 /* Pods_Flix_FlixUITests.framework in Frameworks */,
			);
			runOnlyForDeploymentPostprocessing = 0;
		};
/* End PBXFrameworksBuildPhase section */

/* Begin PBXGroup section */
		48FD5509FC809AD461753E41 /* Pods */ = {
			isa = PBXGroup;
			children = (
				75B74964CE91C104C9BE5C79 /* Pods-Flix.debug.xcconfig */,
				6052DE50779296E601D5231F /* Pods-Flix.release.xcconfig */,
				CCEC155E540E86DB7917A676 /* Pods-Flix-FlixUITests.debug.xcconfig */,
				DD519930C32F8D9E2E82AAC1 /* Pods-Flix-FlixUITests.release.xcconfig */,
				AD6E9752BF04209679373A36 /* Pods-FlixTests.debug.xcconfig */,
				AAB21D206FAD817B7604B84A /* Pods-FlixTests.release.xcconfig */,
			);
			path = Pods;
			sourceTree = "<group>";
		};
		4F89CA0227B09C62001B3BE1 = {
			isa = PBXGroup;
			children = (
				4F89CA0D27B09C62001B3BE1 /* Flix */,
				4F89CA2427B09C63001B3BE1 /* FlixTests */,
				4F89CA2E27B09C63001B3BE1 /* FlixUITests */,
				4F89CA0C27B09C62001B3BE1 /* Products */,
				48FD5509FC809AD461753E41 /* Pods */,
				A9E546A233F6647EB29C9657 /* Frameworks */,
			);
			sourceTree = "<group>";
		};
		4F89CA0C27B09C62001B3BE1 /* Products */ = {
			isa = PBXGroup;
			children = (
				4F89CA0B27B09C62001B3BE1 /* Flix.app */,
				4F89CA2127B09C63001B3BE1 /* FlixTests.xctest */,
				4F89CA2B27B09C63001B3BE1 /* FlixUITests.xctest */,
			);
			name = Products;
			sourceTree = "<group>";
		};
		4F89CA0D27B09C62001B3BE1 /* Flix */ = {
			isa = PBXGroup;
			children = (
				4F89CA0E27B09C62001B3BE1 /* AppDelegate.swift */,
				4F89CA1027B09C62001B3BE1 /* SceneDelegate.swift */,
				4F89CA1227B09C62001B3BE1 /* ViewController.swift */,
				4F89CA1427B09C62001B3BE1 /* Main.storyboard */,
				4F89CA1727B09C63001B3BE1 /* Assets.xcassets */,
				4F89CA1927B09C63001B3BE1 /* LaunchScreen.storyboard */,
				4F89CA1C27B09C63001B3BE1 /* Info.plist */,
				4F89CA3E27B09DAD001B3BE1 /* FlixCell.swift */,
				4F57F08927B41F2200DFB0CE /* MovieDetailsViewController.swift */,
				4F57F08D27B4571F00DFB0CE /* CollectionsViewController.swift */,
				4F57F09127B459E100DFB0CE /* CollectionCell.swift */,
				4F57F09927B5BDD900DFB0CE /* CollectionDetailsViewController.swift */,
				4F57F09D27B5C62A00DFB0CE /* MovieCollectionViewCell.swift */,
			);
			path = Flix;
			sourceTree = "<group>";
		};
		4F89CA2427B09C63001B3BE1 /* FlixTests */ = {
			isa = PBXGroup;
			children = (
				4F89CA2527B09C63001B3BE1 /* FlixTests.swift */,
			);
			path = FlixTests;
			sourceTree = "<group>";
		};
		4F89CA2E27B09C63001B3BE1 /* FlixUITests */ = {
			isa = PBXGroup;
			children = (
				4F89CA2F27B09C63001B3BE1 /* FlixUITests.swift */,
				4F89CA3127B09C63001B3BE1 /* FlixUITestsLaunchTests.swift */,
			);
			path = FlixUITests;
			sourceTree = "<group>";
		};
		A9E546A233F6647EB29C9657 /* Frameworks */ = {
			isa = PBXGroup;
			children = (
				B098EA3032DCA58618612ABB /* Pods_Flix.framework */,
				2962699D6387614D4ABC49E7 /* Pods_Flix_FlixUITests.framework */,
				449F2EE8FD14908CE08256E0 /* Pods_FlixTests.framework */,
			);
			name = Frameworks;
			sourceTree = "<group>";
		};
/* End PBXGroup section */

/* Begin PBXNativeTarget section */
		4F89CA0A27B09C62001B3BE1 /* Flix */ = {
			isa = PBXNativeTarget;
			buildConfigurationList = 4F89CA3527B09C63001B3BE1 /* Build configuration list for PBXNativeTarget "Flix" */;
			buildPhases = (
				44720B5223B92439C95E5D8D /* [CP] Check Pods Manifest.lock */,
				4F89CA0727B09C62001B3BE1 /* Sources */,
				4F89CA0827B09C62001B3BE1 /* Frameworks */,
				4F89CA0927B09C62001B3BE1 /* Resources */,
			);
			buildRules = (
			);
			dependencies = (
			);
			name = Flix;
			packageProductDependencies = (
				4F89CA4127B0CE40001B3BE1 /* AlamofireImage */,
			);
			productName = Flix;
			productReference = 4F89CA0B27B09C62001B3BE1 /* Flix.app */;
			productType = "com.apple.product-type.application";
		};
		4F89CA2027B09C63001B3BE1 /* FlixTests */ = {
			isa = PBXNativeTarget;
			buildConfigurationList = 4F89CA3827B09C63001B3BE1 /* Build configuration list for PBXNativeTarget "FlixTests" */;
			buildPhases = (
				1AC3CE8924DB520BC8C2C366 /* [CP] Check Pods Manifest.lock */,
				4F89CA1D27B09C63001B3BE1 /* Sources */,
				4F89CA1E27B09C63001B3BE1 /* Frameworks */,
				4F89CA1F27B09C63001B3BE1 /* Resources */,
			);
			buildRules = (
			);
			dependencies = (
				4F89CA2327B09C63001B3BE1 /* PBXTargetDependency */,
			);
			name = FlixTests;
			productName = FlixTests;
			productReference = 4F89CA2127B09C63001B3BE1 /* FlixTests.xctest */;
			productType = "com.apple.product-type.bundle.unit-test";
		};
		4F89CA2A27B09C63001B3BE1 /* FlixUITests */ = {
			isa = PBXNativeTarget;
			buildConfigurationList = 4F89CA3B27B09C63001B3BE1 /* Build configuration list for PBXNativeTarget "FlixUITests" */;
			buildPhases = (
				8A7DC4EC7D98082FF386D870 /* [CP] Check Pods Manifest.lock */,
				4F89CA2727B09C63001B3BE1 /* Sources */,
				4F89CA2827B09C63001B3BE1 /* Frameworks */,
				4F89CA2927B09C63001B3BE1 /* Resources */,
			);
			buildRules = (
			);
			dependencies = (
				4F89CA2D27B09C63001B3BE1 /* PBXTargetDependency */,
			);
			name = FlixUITests;
			productName = FlixUITests;
			productReference = 4F89CA2B27B09C63001B3BE1 /* FlixUITests.xctest */;
			productType = "com.apple.product-type.bundle.ui-testing";
		};
/* End PBXNativeTarget section */

/* Begin PBXProject section */
		4F89CA0327B09C62001B3BE1 /* Project object */ = {
			isa = PBXProject;
			attributes = {
				BuildIndependentTargetsInParallel = 1;
				LastSwiftUpdateCheck = 1320;
				LastUpgradeCheck = 1320;
				TargetAttributes = {
					4F89CA0A27B09C62001B3BE1 = {
						CreatedOnToolsVersion = 13.2.1;
					};
					4F89CA2027B09C63001B3BE1 = {
						CreatedOnToolsVersion = 13.2.1;
						TestTargetID = 4F89CA0A27B09C62001B3BE1;
					};
					4F89CA2A27B09C63001B3BE1 = {
						CreatedOnToolsVersion = 13.2.1;
						TestTargetID = 4F89CA0A27B09C62001B3BE1;
					};
				};
			};
			buildConfigurationList = 4F89CA0627B09C62001B3BE1 /* Build configuration list for PBXProject "Flix" */;
			compatibilityVersion = "Xcode 13.0";
			developmentRegion = en;
			hasScannedForEncodings = 0;
			knownRegions = (
				en,
				Base,
			);
			mainGroup = 4F89CA0227B09C62001B3BE1;
			packageReferences = (
				4F89CA4027B0CE40001B3BE1 /* XCRemoteSwiftPackageReference "AlamofireImage" */,
			);
			productRefGroup = 4F89CA0C27B09C62001B3BE1 /* Products */;
			projectDirPath = "";
			projectRoot = "";
			targets = (
				4F89CA0A27B09C62001B3BE1 /* Flix */,
				4F89CA2027B09C63001B3BE1 /* FlixTests */,
				4F89CA2A27B09C63001B3BE1 /* FlixUITests */,
			);
		};
/* End PBXProject section */

/* Begin PBXResourcesBuildPhase section */
		4F89CA0927B09C62001B3BE1 /* Resources */ = {
			isa = PBXResourcesBuildPhase;
			buildActionMask = 2147483647;
			files = (
				4F89CA1B27B09C63001B3BE1 /* LaunchScreen.storyboard in Resources */,
				4F89CA1827B09C63001B3BE1 /* Assets.xcassets in Resources */,
				4F89CA1627B09C62001B3BE1 /* Main.storyboard in Resources */,
			);
			runOnlyForDeploymentPostprocessing = 0;
		};
		4F89CA1F27B09C63001B3BE1 /* Resources */ = {
			isa = PBXResourcesBuildPhase;
			buildActionMask = 2147483647;
			files = (
			);
			runOnlyForDeploymentPostprocessing = 0;
		};
		4F89CA2927B09C63001B3BE1 /* Resources */ = {
			isa = PBXResourcesBuildPhase;
			buildActionMask = 2147483647;
			files = (
			);
			runOnlyForDeploymentPostprocessing = 0;
		};
/* End PBXResourcesBuildPhase section */

/* Begin PBXShellScriptBuildPhase section */
		1AC3CE8924DB520BC8C2C366 /* [CP] Check Pods Manifest.lock */ = {
			isa = PBXShellScriptBuildPhase;
			buildActionMask = 2147483647;
			files = (
			);
			inputFileListPaths = (
			);
			inputPaths = (
				"${PODS_PODFILE_DIR_PATH}/Podfile.lock",
				"${PODS_ROOT}/Manifest.lock",
			);
			name = "[CP] Check Pods Manifest.lock";
			outputFileListPaths = (
			);
			outputPaths = (
				"$(DERIVED_FILE_DIR)/Pods-FlixTests-checkManifestLockResult.txt",
			);
			runOnlyForDeploymentPostprocessing = 0;
			shellPath = /bin/sh;
			shellScript = "diff \"${PODS_PODFILE_DIR_PATH}/Podfile.lock\" \"${PODS_ROOT}/Manifest.lock\" > /dev/null\nif [ $? != 0 ] ; then\n    # print error to STDERR\n    echo \"error: The sandbox is not in sync with the Podfile.lock. Run 'pod install' or update your CocoaPods installation.\" >&2\n    exit 1\nfi\n# This output is used by Xcode 'outputs' to avoid re-running this script phase.\necho \"SUCCESS\" > \"${SCRIPT_OUTPUT_FILE_0}\"\n";
			showEnvVarsInLog = 0;
		};
		44720B5223B92439C95E5D8D /* [CP] Check Pods Manifest.lock */ = {
			isa = PBXShellScriptBuildPhase;
			buildActionMask = 2147483647;
			files = (
			);
			inputFileListPaths = (
			);
			inputPaths = (
				"${PODS_PODFILE_DIR_PATH}/Podfile.lock",
				"${PODS_ROOT}/Manifest.lock",
			);
			name = "[CP] Check Pods Manifest.lock";
			outputFileListPaths = (
			);
			outputPaths = (
				"$(DERIVED_FILE_DIR)/Pods-Flix-checkManifestLockResult.txt",
			);
			runOnlyForDeploymentPostprocessing = 0;
			shellPath = /bin/sh;
			shellScript = "diff \"${PODS_PODFILE_DIR_PATH}/Podfile.lock\" \"${PODS_ROOT}/Manifest.lock\" > /dev/null\nif [ $? != 0 ] ; then\n    # print error to STDERR\n    echo \"error: The sandbox is not in sync with the Podfile.lock. Run 'pod install' or update your CocoaPods installation.\" >&2\n    exit 1\nfi\n# This output is used by Xcode 'outputs' to avoid re-running this script phase.\necho \"SUCCESS\" > \"${SCRIPT_OUTPUT_FILE_0}\"\n";
			showEnvVarsInLog = 0;
		};
		8A7DC4EC7D98082FF386D870 /* [CP] Check Pods Manifest.lock */ = {
			isa = PBXShellScriptBuildPhase;
			buildActionMask = 2147483647;
			files = (
			);
			inputFileListPaths = (
			);
			inputPaths = (
				"${PODS_PODFILE_DIR_PATH}/Podfile.lock",
				"${PODS_ROOT}/Manifest.lock",
			);
			name = "[CP] Check Pods Manifest.lock";
			outputFileListPaths = (
			);
			outputPaths = (
				"$(DERIVED_FILE_DIR)/Pods-Flix-FlixUITests-checkManifestLockResult.txt",
			);
			runOnlyForDeploymentPostprocessing = 0;
			shellPath = /bin/sh;
			shellScript = "diff \"${PODS_PODFILE_DIR_PATH}/Podfile.lock\" \"${PODS_ROOT}/Manifest.lock\" > /dev/null\nif [ $? != 0 ] ; then\n    # print error to STDERR\n    echo \"error: The sandbox is not in sync with the Podfile.lock. Run 'pod install' or update your CocoaPods installation.\" >&2\n    exit 1\nfi\n# This output is used by Xcode 'outputs' to avoid re-running this script phase.\necho \"SUCCESS\" > \"${SCRIPT_OUTPUT_FILE_0}\"\n";
			showEnvVarsInLog = 0;
		};
/* End PBXShellScriptBuildPhase section */

/* Begin PBXSourcesBuildPhase section */
		4F89CA0727B09C62001B3BE1 /* Sources */ = {
			isa = PBXSourcesBuildPhase;
			buildActionMask = 2147483647;
			files = (
				4F57F08E27B4571F00DFB0CE /* CollectionsViewController.swift in Sources */,
				4F57F09A27B5BDD900DFB0CE /* CollectionDetailsViewController.swift in Sources */,
				4F57F08A27B41F2200DFB0CE /* MovieDetailsViewController.swift in Sources */,
				4F89CA3F27B09DAD001B3BE1 /* FlixCell.swift in Sources */,
				4F89CA1327B09C62001B3BE1 /* ViewController.swift in Sources */,
				4F57F09227B459E100DFB0CE /* CollectionCell.swift in Sources */,
				4F57F09E27B5C62A00DFB0CE /* MovieCollectionViewCell.swift in Sources */,
				4F89CA0F27B09C62001B3BE1 /* AppDelegate.swift in Sources */,
				4F89CA1127B09C62001B3BE1 /* SceneDelegate.swift in Sources */,
			);
			runOnlyForDeploymentPostprocessing = 0;
		};
		4F89CA1D27B09C63001B3BE1 /* Sources */ = {
			isa = PBXSourcesBuildPhase;
			buildActionMask = 2147483647;
			files = (
				4F89CA2627B09C63001B3BE1 /* FlixTests.swift in Sources */,
			);
			runOnlyForDeploymentPostprocessing = 0;
		};
		4F89CA2727B09C63001B3BE1 /* Sources */ = {
			isa = PBXSourcesBuildPhase;
			buildActionMask = 2147483647;
			files = (
				4F89CA3027B09C63001B3BE1 /* FlixUITests.swift in Sources */,
				4F89CA3227B09C63001B3BE1 /* FlixUITestsLaunchTests.swift in Sources */,
			);
			runOnlyForDeploymentPostprocessing = 0;
		};
/* End PBXSourcesBuildPhase section */

/* Begin PBXTargetDependency section */
		4F89CA2327B09C63001B3BE1 /* PBXTargetDependency */ = {
			isa = PBXTargetDependency;
			target = 4F89CA0A27B09C62001B3BE1 /* Flix */;
			targetProxy = 4F89CA2227B09C63001B3BE1 /* PBXContainerItemProxy */;
		};
		4F89CA2D27B09C63001B3BE1 /* PBXTargetDependency */ = {
			isa = PBXTargetDependency;
			target = 4F89CA0A27B09C62001B3BE1 /* Flix */;
			targetProxy = 4F89CA2C27B09C63001B3BE1 /* PBXContainerItemProxy */;
		};
/* End PBXTargetDependency section */

/* Begin PBXVariantGroup section */
		4F89CA1427B09C62001B3BE1 /* Main.storyboard */ = {
			isa = PBXVariantGroup;
			children = (
				4F89CA1527B09C62001B3BE1 /* Base */,
			);
			name = Main.storyboard;
			sourceTree = "<group>";
		};
		4F89CA1927B09C63001B3BE1 /* LaunchScreen.storyboard */ = {
			isa = PBXVariantGroup;
			children = (
				4F89CA1A27B09C63001B3BE1 /* Base */,
			);
			name = LaunchScreen.storyboard;
			sourceTree = "<group>";
		};
/* End PBXVariantGroup section */

/* Begin XCBuildConfiguration section */
		4F89CA3327B09C63001B3BE1 /* Debug */ = {
			isa = XCBuildConfiguration;
			buildSettings = {
				ALWAYS_SEARCH_USER_PATHS = NO;
				CLANG_ANALYZER_NONNULL = YES;
				CLANG_ANALYZER_NUMBER_OBJECT_CONVERSION = YES_AGGRESSIVE;
				CLANG_CXX_LANGUAGE_STANDARD = "gnu++17";
				CLANG_CXX_LIBRARY = "libc++";
				CLANG_ENABLE_MODULES = YES;
				CLANG_ENABLE_OBJC_ARC = YES;
				CLANG_ENABLE_OBJC_WEAK = YES;
				CLANG_WARN_BLOCK_CAPTURE_AUTORELEASING = YES;
				CLANG_WARN_BOOL_CONVERSION = YES;
				CLANG_WARN_COMMA = YES;
				CLANG_WARN_CONSTANT_CONVERSION = YES;
				CLANG_WARN_DEPRECATED_OBJC_IMPLEMENTATIONS = YES;
				CLANG_WARN_DIRECT_OBJC_ISA_USAGE = YES_ERROR;
				CLANG_WARN_DOCUMENTATION_COMMENTS = YES;
				CLANG_WARN_EMPTY_BODY = YES;
				CLANG_WARN_ENUM_CONVERSION = YES;
				CLANG_WARN_INFINITE_RECURSION = YES;
				CLANG_WARN_INT_CONVERSION = YES;
				CLANG_WARN_NON_LITERAL_NULL_CONVERSION = YES;
				CLANG_WARN_OBJC_IMPLICIT_RETAIN_SELF = YES;
				CLANG_WARN_OBJC_LITERAL_CONVERSION = YES;
				CLANG_WARN_OBJC_ROOT_CLASS = YES_ERROR;
				CLANG_WARN_QUOTED_INCLUDE_IN_FRAMEWORK_HEADER = YES;
				CLANG_WARN_RANGE_LOOP_ANALYSIS = YES;
				CLANG_WARN_STRICT_PROTOTYPES = YES;
				CLANG_WARN_SUSPICIOUS_MOVE = YES;
				CLANG_WARN_UNGUARDED_AVAILABILITY = YES_AGGRESSIVE;
				CLANG_WARN_UNREACHABLE_CODE = YES;
				CLANG_WARN__DUPLICATE_METHOD_MATCH = YES;
				COPY_PHASE_STRIP = NO;
				DEBUG_INFORMATION_FORMAT = dwarf;
				ENABLE_STRICT_OBJC_MSGSEND = YES;
				ENABLE_TESTABILITY = YES;
				GCC_C_LANGUAGE_STANDARD = gnu11;
				GCC_DYNAMIC_NO_PIC = NO;
				GCC_NO_COMMON_BLOCKS = YES;
				GCC_OPTIMIZATION_LEVEL = 0;
				GCC_PREPROCESSOR_DEFINITIONS = (
					"DEBUG=1",
					"$(inherited)",
				);
				GCC_WARN_64_TO_32_BIT_CONVERSION = YES;
				GCC_WARN_ABOUT_RETURN_TYPE = YES_ERROR;
				GCC_WARN_UNDECLARED_SELECTOR = YES;
				GCC_WARN_UNINITIALIZED_AUTOS = YES_AGGRESSIVE;
				GCC_WARN_UNUSED_FUNCTION = YES;
				GCC_WARN_UNUSED_VARIABLE = YES;
				IPHONEOS_DEPLOYMENT_TARGET = 15.2;
				MTL_ENABLE_DEBUG_INFO = INCLUDE_SOURCE;
				MTL_FAST_MATH = YES;
				ONLY_ACTIVE_ARCH = YES;
				SDKROOT = iphoneos;
				SWIFT_ACTIVE_COMPILATION_CONDITIONS = DEBUG;
				SWIFT_OPTIMIZATION_LEVEL = "-Onone";
			};
			name = Debug;
		};
		4F89CA3427B09C63001B3BE1 /* Release */ = {
			isa = XCBuildConfiguration;
			buildSettings = {
				ALWAYS_SEARCH_USER_PATHS = NO;
				CLANG_ANALYZER_NONNULL = YES;
				CLANG_ANALYZER_NUMBER_OBJECT_CONVERSION = YES_AGGRESSIVE;
				CLANG_CXX_LANGUAGE_STANDARD = "gnu++17";
				CLANG_CXX_LIBRARY = "libc++";
				CLANG_ENABLE_MODULES = YES;
				CLANG_ENABLE_OBJC_ARC = YES;
				CLANG_ENABLE_OBJC_WEAK = YES;
				CLANG_WARN_BLOCK_CAPTURE_AUTORELEASING = YES;
				CLANG_WARN_BOOL_CONVERSION = YES;
				CLANG_WARN_COMMA = YES;
				CLANG_WARN_CONSTANT_CONVERSION = YES;
				CLANG_WARN_DEPRECATED_OBJC_IMPLEMENTATIONS = YES;
				CLANG_WARN_DIRECT_OBJC_ISA_USAGE = YES_ERROR;
				CLANG_WARN_DOCUMENTATION_COMMENTS = YES;
				CLANG_WARN_EMPTY_BODY = YES;
				CLANG_WARN_ENUM_CONVERSION = YES;
				CLANG_WARN_INFINITE_RECURSION = YES;
				CLANG_WARN_INT_CONVERSION = YES;
				CLANG_WARN_NON_LITERAL_NULL_CONVERSION = YES;
				CLANG_WARN_OBJC_IMPLICIT_RETAIN_SELF = YES;
				CLANG_WARN_OBJC_LITERAL_CONVERSION = YES;
				CLANG_WARN_OBJC_ROOT_CLASS = YES_ERROR;
				CLANG_WARN_QUOTED_INCLUDE_IN_FRAMEWORK_HEADER = YES;
				CLANG_WARN_RANGE_LOOP_ANALYSIS = YES;
				CLANG_WARN_STRICT_PROTOTYPES = YES;
				CLANG_WARN_SUSPICIOUS_MOVE = YES;
				CLANG_WARN_UNGUARDED_AVAILABILITY = YES_AGGRESSIVE;
				CLANG_WARN_UNREACHABLE_CODE = YES;
				CLANG_WARN__DUPLICATE_METHOD_MATCH = YES;
				COPY_PHASE_STRIP = NO;
				DEBUG_INFORMATION_FORMAT = "dwarf-with-dsym";
				ENABLE_NS_ASSERTIONS = NO;
				ENABLE_STRICT_OBJC_MSGSEND = YES;
				GCC_C_LANGUAGE_STANDARD = gnu11;
				GCC_NO_COMMON_BLOCKS = YES;
				GCC_WARN_64_TO_32_BIT_CONVERSION = YES;
				GCC_WARN_ABOUT_RETURN_TYPE = YES_ERROR;
				GCC_WARN_UNDECLARED_SELECTOR = YES;
				GCC_WARN_UNINITIALIZED_AUTOS = YES_AGGRESSIVE;
				GCC_WARN_UNUSED_FUNCTION = YES;
				GCC_WARN_UNUSED_VARIABLE = YES;
				IPHONEOS_DEPLOYMENT_TARGET = 15.2;
				MTL_ENABLE_DEBUG_INFO = NO;
				MTL_FAST_MATH = YES;
				SDKROOT = iphoneos;
				SWIFT_COMPILATION_MODE = wholemodule;
				SWIFT_OPTIMIZATION_LEVEL = "-O";
				VALIDATE_PRODUCT = YES;
			};
			name = Release;
		};
		4F89CA3627B09C63001B3BE1 /* Debug */ = {
			isa = XCBuildConfiguration;
			baseConfigurationReference = 75B74964CE91C104C9BE5C79 /* Pods-Flix.debug.xcconfig */;
			buildSettings = {
				ASSETCATALOG_COMPILER_APPICON_NAME = AppIcon;
				ASSETCATALOG_COMPILER_GLOBAL_ACCENT_COLOR_NAME = AccentColor;
				CODE_SIGN_STYLE = Automatic;
				CURRENT_PROJECT_VERSION = 1;
				DEVELOPMENT_TEAM = RY9935ZD32;
				GENERATE_INFOPLIST_FILE = YES;
				INFOPLIST_FILE = Flix/Info.plist;
				INFOPLIST_KEY_UIApplicationSupportsIndirectInputEvents = YES;
				INFOPLIST_KEY_UILaunchStoryboardName = LaunchScreen;
				INFOPLIST_KEY_UIMainStoryboardFile = Main;
				INFOPLIST_KEY_UISupportedInterfaceOrientations_iPad = "UIInterfaceOrientationPortrait UIInterfaceOrientationPortraitUpsideDown UIInterfaceOrientationLandscapeLeft UIInterfaceOrientationLandscapeRight";
				INFOPLIST_KEY_UISupportedInterfaceOrientations_iPhone = "UIInterfaceOrientationPortrait UIInterfaceOrientationLandscapeLeft UIInterfaceOrientationLandscapeRight";
				LD_RUNPATH_SEARCH_PATHS = (
					"$(inherited)",
					"@executable_path/Frameworks",
				);
				MARKETING_VERSION = 1.0;
				PRODUCT_BUNDLE_IDENTIFIER = com.harshad12patre.Flix;
				PRODUCT_NAME = "$(TARGET_NAME)";
				SWIFT_EMIT_LOC_STRINGS = YES;
				SWIFT_VERSION = 5.0;
				TARGETED_DEVICE_FAMILY = "1,2";
			};
			name = Debug;
		};
		4F89CA3727B09C63001B3BE1 /* Release */ = {
			isa = XCBuildConfiguration;
			baseConfigurationReference = 6052DE50779296E601D5231F /* Pods-Flix.release.xcconfig */;
			buildSettings = {
				ASSETCATALOG_COMPILER_APPICON_NAME = AppIcon;
				ASSETCATALOG_COMPILER_GLOBAL_ACCENT_COLOR_NAME = AccentColor;
				CODE_SIGN_STYLE = Automatic;
				CURRENT_PROJECT_VERSION = 1;
				DEVELOPMENT_TEAM = RY9935ZD32;
				GENERATE_INFOPLIST_FILE = YES;
				INFOPLIST_FILE = Flix/Info.plist;
				INFOPLIST_KEY_UIApplicationSupportsIndirectInputEvents = YES;
				INFOPLIST_KEY_UILaunchStoryboardName = LaunchScreen;
				INFOPLIST_KEY_UIMainStoryboardFile = Main;
				INFOPLIST_KEY_UISupportedInterfaceOrientations_iPad = "UIInterfaceOrientationPortrait UIInterfaceOrientationPortraitUpsideDown UIInterfaceOrientationLandscapeLeft UIInterfaceOrientationLandscapeRight";
				INFOPLIST_KEY_UISupportedInterfaceOrientations_iPhone = "UIInterfaceOrientationPortrait UIInterfaceOrientationLandscapeLeft UIInterfaceOrientationLandscapeRight";
				LD_RUNPATH_SEARCH_PATHS = (
					"$(inherited)",
					"@executable_path/Frameworks",
				);
				MARKETING_VERSION = 1.0;
				PRODUCT_BUNDLE_IDENTIFIER = com.harshad12patre.Flix;
				PRODUCT_NAME = "$(TARGET_NAME)";
				SWIFT_EMIT_LOC_STRINGS = YES;
				SWIFT_VERSION = 5.0;
				TARGETED_DEVICE_FAMILY = "1,2";
			};
			name = Release;
		};
		4F89CA3927B09C63001B3BE1 /* Debug */ = {
			isa = XCBuildConfiguration;
			baseConfigurationReference = AD6E9752BF04209679373A36 /* Pods-FlixTests.debug.xcconfig */;
			buildSettings = {
				ALWAYS_EMBED_SWIFT_STANDARD_LIBRARIES = YES;
				BUNDLE_LOADER = "$(TEST_HOST)";
				CODE_SIGN_STYLE = Automatic;
				CURRENT_PROJECT_VERSION = 1;
				DEVELOPMENT_TEAM = RY9935ZD32;
				GENERATE_INFOPLIST_FILE = YES;
				IPHONEOS_DEPLOYMENT_TARGET = 15.2;
				MARKETING_VERSION = 1.0;
				PRODUCT_BUNDLE_IDENTIFIER = com.harshad12patre.FlixTests;
				PRODUCT_NAME = "$(TARGET_NAME)";
				SWIFT_EMIT_LOC_STRINGS = NO;
				SWIFT_VERSION = 5.0;
				TARGETED_DEVICE_FAMILY = "1,2";
				TEST_HOST = "$(BUILT_PRODUCTS_DIR)/Flix.app/Flix";
			};
			name = Debug;
		};
		4F89CA3A27B09C63001B3BE1 /* Release */ = {
			isa = XCBuildConfiguration;
			baseConfigurationReference = AAB21D206FAD817B7604B84A /* Pods-FlixTests.release.xcconfig */;
			buildSettings = {
				ALWAYS_EMBED_SWIFT_STANDARD_LIBRARIES = YES;
				BUNDLE_LOADER = "$(TEST_HOST)";
				CODE_SIGN_STYLE = Automatic;
				CURRENT_PROJECT_VERSION = 1;
				DEVELOPMENT_TEAM = RY9935ZD32;
				GENERATE_INFOPLIST_FILE = YES;
				IPHONEOS_DEPLOYMENT_TARGET = 15.2;
				MARKETING_VERSION = 1.0;
				PRODUCT_BUNDLE_IDENTIFIER = com.harshad12patre.FlixTests;
				PRODUCT_NAME = "$(TARGET_NAME)";
				SWIFT_EMIT_LOC_STRINGS = NO;
				SWIFT_VERSION = 5.0;
				TARGETED_DEVICE_FAMILY = "1,2";
				TEST_HOST = "$(BUILT_PRODUCTS_DIR)/Flix.app/Flix";
			};
			name = Release;
		};
		4F89CA3C27B09C63001B3BE1 /* Debug */ = {
			isa = XCBuildConfiguration;
			baseConfigurationReference = CCEC155E540E86DB7917A676 /* Pods-Flix-FlixUITests.debug.xcconfig */;
			buildSettings = {
				ALWAYS_EMBED_SWIFT_STANDARD_LIBRARIES = YES;
				CODE_SIGN_STYLE = Automatic;
				CURRENT_PROJECT_VERSION = 1;
				DEVELOPMENT_TEAM = RY9935ZD32;
				GENERATE_INFOPLIST_FILE = YES;
				MARKETING_VERSION = 1.0;
				PRODUCT_BUNDLE_IDENTIFIER = com.harshad12patre.FlixUITests;
				PRODUCT_NAME = "$(TARGET_NAME)";
				SWIFT_EMIT_LOC_STRINGS = NO;
				SWIFT_VERSION = 5.0;
				TARGETED_DEVICE_FAMILY = "1,2";
				TEST_TARGET_NAME = Flix;
			};
			name = Debug;
		};
		4F89CA3D27B09C63001B3BE1 /* Release */ = {
			isa = XCBuildConfiguration;
			baseConfigurationReference = DD519930C32F8D9E2E82AAC1 /* Pods-Flix-FlixUITests.release.xcconfig */;
			buildSettings = {
				ALWAYS_EMBED_SWIFT_STANDARD_LIBRARIES = YES;
				CODE_SIGN_STYLE = Automatic;
				CURRENT_PROJECT_VERSION = 1;
				DEVELOPMENT_TEAM = RY9935ZD32;
				GENERATE_INFOPLIST_FILE = YES;
				MARKETING_VERSION = 1.0;
				PRODUCT_BUNDLE_IDENTIFIER = com.harshad12patre.FlixUITests;
				PRODUCT_NAME = "$(TARGET_NAME)";
				SWIFT_EMIT_LOC_STRINGS = NO;
				SWIFT_VERSION = 5.0;
				TARGETED_DEVICE_FAMILY = "1,2";
				TEST_TARGET_NAME = Flix;
			};
			name = Release;
		};
/* End XCBuildConfiguration section */

/* Begin XCConfigurationList section */
		4F89CA0627B09C62001B3BE1 /* Build configuration list for PBXProject "Flix" */ = {
			isa = XCConfigurationList;
			buildConfigurations = (
				4F89CA3327B09C63001B3BE1 /* Debug */,
				4F89CA3427B09C63001B3BE1 /* Release */,
			);
			defaultConfigurationIsVisible = 0;
			defaultConfigurationName = Release;
		};
		4F89CA3527B09C63001B3BE1 /* Build configuration list for PBXNativeTarget "Flix" */ = {
			isa = XCConfigurationList;
			buildConfigurations = (
				4F89CA3627B09C63001B3BE1 /* Debug */,
				4F89CA3727B09C63001B3BE1 /* Release */,
			);
			defaultConfigurationIsVisible = 0;
			defaultConfigurationName = Release;
		};
		4F89CA3827B09C63001B3BE1 /* Build configuration list for PBXNativeTarget "FlixTests" */ = {
			isa = XCConfigurationList;
			buildConfigurations = (
				4F89CA3927B09C63001B3BE1 /* Debug */,
				4F89CA3A27B09C63001B3BE1 /* Release */,
			);
			defaultConfigurationIsVisible = 0;
			defaultConfigurationName = Release;
		};
		4F89CA3B27B09C63001B3BE1 /* Build configuration list for PBXNativeTarget "FlixUITests" */ = {
			isa = XCConfigurationList;
			buildConfigurations = (
				4F89CA3C27B09C63001B3BE1 /* Debug */,
				4F89CA3D27B09C63001B3BE1 /* Release */,
			);
			defaultConfigurationIsVisible = 0;
			defaultConfigurationName = Release;
		};
/* End XCConfigurationList section */

/* Begin XCRemoteSwiftPackageReference section */
		4F89CA4027B0CE40001B3BE1 /* XCRemoteSwiftPackageReference "AlamofireImage" */ = {
			isa = XCRemoteSwiftPackageReference;
			repositoryURL = "https://github.com/Alamofire/AlamofireImage";
			requirement = {
				kind = upToNextMajorVersion;
				minimumVersion = 4.0.0;
			};
		};
/* End XCRemoteSwiftPackageReference section */

/* Begin XCSwiftPackageProductDependency section */
		4F89CA4127B0CE40001B3BE1 /* AlamofireImage */ = {
			isa = XCSwiftPackageProductDependency;
			package = 4F89CA4027B0CE40001B3BE1 /* XCRemoteSwiftPackageReference "AlamofireImage" */;
			productName = AlamofireImage;
		};
/* End XCSwiftPackageProductDependency section */
	};
	rootObject = 4F89CA0327B09C62001B3BE1 /* Project object */;
}
